// !$*UTF8*$!
{
	archiveVersion = 1;
	classes = {
	};
	objectVersion = 46;
	objects = {

/* Begin PBXBuildFile section */
		25ABB7781DF811EC00DE9D0D /* AppDelegate.swift in Sources */ = {isa = PBXBuildFile; fileRef = 25ABB7771DF811EC00DE9D0D /* AppDelegate.swift */; };
		25ABB77A1DF811EC00DE9D0D /* ViewController.swift in Sources */ = {isa = PBXBuildFile; fileRef = 25ABB7791DF811EC00DE9D0D /* ViewController.swift */; };
		25ABB77D1DF811EC00DE9D0D /* Main.storyboard in Resources */ = {isa = PBXBuildFile; fileRef = 25ABB77B1DF811EC00DE9D0D /* Main.storyboard */; };
		25ABB77F1DF811EC00DE9D0D /* Assets.xcassets in Resources */ = {isa = PBXBuildFile; fileRef = 25ABB77E1DF811EC00DE9D0D /* Assets.xcassets */; };
		25ABB7821DF811ED00DE9D0D /* LaunchScreen.storyboard in Resources */ = {isa = PBXBuildFile; fileRef = 25ABB7801DF811ED00DE9D0D /* LaunchScreen.storyboard */; };
		25ABB78D1DF811ED00DE9D0D /* CalcOleksiyTests.swift in Sources */ = {isa = PBXBuildFile; fileRef = 25ABB78C1DF811ED00DE9D0D /* CalcOleksiyTests.swift */; };
		25ABB7981DF811ED00DE9D0D /* CalcOleksiyUITests.swift in Sources */ = {isa = PBXBuildFile; fileRef = 25ABB7971DF811ED00DE9D0D /* CalcOleksiyUITests.swift */; };
		480578951DFF325F000AE1CF /* InputViewController.swift in Sources */ = {isa = PBXBuildFile; fileRef = 480578941DFF325F000AE1CF /* InputViewController.swift */; };
		48091EFE1E1BC61F0098CDD2 /* Winter-Screensavers-And-iPhone-6-Wallpapers-1080x1920.jpg in Resources */ = {isa = PBXBuildFile; fileRef = 48091EFD1E1BC61F0098CDD2 /* Winter-Screensavers-And-iPhone-6-Wallpapers-1080x1920.jpg */; };
		484FE1F11E1681D900947273 /* PlotViewController.swift in Sources */ = {isa = PBXBuildFile; fileRef = 484FE1F01E1681D900947273 /* PlotViewController.swift */; };
		488A0CFC1DFCAD0E00916FCC /* OutputViewController.swift in Sources */ = {isa = PBXBuildFile; fileRef = 488A0CFB1DFCAD0E00916FCC /* OutputViewController.swift */; };
		48D3B7AF1E17BB05002E6FE0 /* PlotView.swift in Sources */ = {isa = PBXBuildFile; fileRef = 48D3B7AE1E17BB05002E6FE0 /* PlotView.swift */; };
		48DDFE8D1DF8940100571C2D /* CalcModel.swift in Sources */ = {isa = PBXBuildFile; fileRef = 48DDFE8C1DF8940100571C2D /* CalcModel.swift */; };
		48E3B8E11E130FFF00234CF9 /* GlobalProtocols.swift in Sources */ = {isa = PBXBuildFile; fileRef = 48E3B8E01E130FFF00234CF9 /* GlobalProtocols.swift */; };
/* End PBXBuildFile section */

/* Begin PBXContainerItemProxy section */
		25ABB7891DF811ED00DE9D0D /* PBXContainerItemProxy */ = {
			isa = PBXContainerItemProxy;
			containerPortal = 25ABB76C1DF811EC00DE9D0D /* Project object */;
			proxyType = 1;
			remoteGlobalIDString = 25ABB7731DF811EC00DE9D0D;
			remoteInfo = CalcOleksiy;
		};
		25ABB7941DF811ED00DE9D0D /* PBXContainerItemProxy */ = {
			isa = PBXContainerItemProxy;
			containerPortal = 25ABB76C1DF811EC00DE9D0D /* Project object */;
			proxyType = 1;
			remoteGlobalIDString = 25ABB7731DF811EC00DE9D0D;
			remoteInfo = CalcOleksiy;
		};
/* End PBXContainerItemProxy section */

/* Begin PBXFileReference section */
		25ABB7741DF811EC00DE9D0D /* CalcOleksiy.app */ = {isa = PBXFileReference; explicitFileType = wrapper.application; includeInIndex = 0; path = CalcOleksiy.app; sourceTree = BUILT_PRODUCTS_DIR; };
		25ABB7771DF811EC00DE9D0D /* AppDelegate.swift */ = {isa = PBXFileReference; lastKnownFileType = sourcecode.swift; path = AppDelegate.swift; sourceTree = "<group>"; };
		25ABB7791DF811EC00DE9D0D /* ViewController.swift */ = {isa = PBXFileReference; lastKnownFileType = sourcecode.swift; path = ViewController.swift; sourceTree = "<group>"; };
		25ABB77C1DF811EC00DE9D0D /* Base */ = {isa = PBXFileReference; lastKnownFileType = file.storyboard; name = Base; path = Base.lproj/Main.storyboard; sourceTree = "<group>"; };
		25ABB77E1DF811EC00DE9D0D /* Assets.xcassets */ = {isa = PBXFileReference; lastKnownFileType = folder.assetcatalog; path = Assets.xcassets; sourceTree = "<group>"; };
		25ABB7811DF811ED00DE9D0D /* Base */ = {isa = PBXFileReference; lastKnownFileType = file.storyboard; name = Base; path = Base.lproj/LaunchScreen.storyboard; sourceTree = "<group>"; };
		25ABB7831DF811ED00DE9D0D /* Info.plist */ = {isa = PBXFileReference; lastKnownFileType = text.plist.xml; path = Info.plist; sourceTree = "<group>"; };
		25ABB7881DF811ED00DE9D0D /* CalcOleksiyTests.xctest */ = {isa = PBXFileReference; explicitFileType = wrapper.cfbundle; includeInIndex = 0; path = CalcOleksiyTests.xctest; sourceTree = BUILT_PRODUCTS_DIR; };
		25ABB78C1DF811ED00DE9D0D /* CalcOleksiyTests.swift */ = {isa = PBXFileReference; lastKnownFileType = sourcecode.swift; path = CalcOleksiyTests.swift; sourceTree = "<group>"; };
		25ABB78E1DF811ED00DE9D0D /* Info.plist */ = {isa = PBXFileReference; lastKnownFileType = text.plist.xml; path = Info.plist; sourceTree = "<group>"; };
		25ABB7931DF811ED00DE9D0D /* CalcOleksiyUITests.xctest */ = {isa = PBXFileReference; explicitFileType = wrapper.cfbundle; includeInIndex = 0; path = CalcOleksiyUITests.xctest; sourceTree = BUILT_PRODUCTS_DIR; };
		25ABB7971DF811ED00DE9D0D /* CalcOleksiyUITests.swift */ = {isa = PBXFileReference; lastKnownFileType = sourcecode.swift; path = CalcOleksiyUITests.swift; sourceTree = "<group>"; };
		25ABB7991DF811ED00DE9D0D /* Info.plist */ = {isa = PBXFileReference; lastKnownFileType = text.plist.xml; path = Info.plist; sourceTree = "<group>"; };
		480578941DFF325F000AE1CF /* InputViewController.swift */ = {isa = PBXFileReference; fileEncoding = 4; lastKnownFileType = sourcecode.swift; path = InputViewController.swift; sourceTree = "<group>"; };
		48091EFD1E1BC61F0098CDD2 /* Winter-Screensavers-And-iPhone-6-Wallpapers-1080x1920.jpg */ = {isa = PBXFileReference; lastKnownFileType = image.jpeg; name = "Winter-Screensavers-And-iPhone-6-Wallpapers-1080x1920.jpg"; path = "../Winter-Screensavers-And-iPhone-6-Wallpapers-1080x1920.jpg"; sourceTree = "<group>"; };
		484FE1F01E1681D900947273 /* PlotViewController.swift */ = {isa = PBXFileReference; fileEncoding = 4; lastKnownFileType = sourcecode.swift; path = PlotViewController.swift; sourceTree = "<group>"; };
		488A0CFB1DFCAD0E00916FCC /* OutputViewController.swift */ = {isa = PBXFileReference; fileEncoding = 4; lastKnownFileType = sourcecode.swift; path = OutputViewController.swift; sourceTree = "<group>"; };
		48D3B7AE1E17BB05002E6FE0 /* PlotView.swift */ = {isa = PBXFileReference; fileEncoding = 4; lastKnownFileType = sourcecode.swift; path = PlotView.swift; sourceTree = "<group>"; };
		48DDFE8C1DF8940100571C2D /* CalcModel.swift */ = {isa = PBXFileReference; fileEncoding = 4; lastKnownFileType = sourcecode.swift; path = CalcModel.swift; sourceTree = "<group>"; };
		48E3B8E01E130FFF00234CF9 /* GlobalProtocols.swift */ = {isa = PBXFileReference; fileEncoding = 4; lastKnownFileType = sourcecode.swift; path = GlobalProtocols.swift; sourceTree = "<group>"; };
/* End PBXFileReference section */

/* Begin PBXFrameworksBuildPhase section */
		25ABB7711DF811EC00DE9D0D /* Frameworks */ = {
			isa = PBXFrameworksBuildPhase;
			buildActionMask = 2147483647;
			files = (
			);
			runOnlyForDeploymentPostprocessing = 0;
		};
		25ABB7851DF811ED00DE9D0D /* Frameworks */ = {
			isa = PBXFrameworksBuildPhase;
			buildActionMask = 2147483647;
			files = (
			);
			runOnlyForDeploymentPostprocessing = 0;
		};
		25ABB7901DF811ED00DE9D0D /* Frameworks */ = {
			isa = PBXFrameworksBuildPhase;
			buildActionMask = 2147483647;
			files = (
			);
			runOnlyForDeploymentPostprocessing = 0;
		};
/* End PBXFrameworksBuildPhase section */

/* Begin PBXGroup section */
		25ABB76B1DF811EC00DE9D0D = {
			isa = PBXGroup;
			children = (
				25ABB7761DF811EC00DE9D0D /* CalcOleksiy */,
				25ABB78B1DF811ED00DE9D0D /* CalcOleksiyTests */,
				25ABB7961DF811ED00DE9D0D /* CalcOleksiyUITests */,
				25ABB7751DF811EC00DE9D0D /* Products */,
			);
			sourceTree = "<group>";
		};
		25ABB7751DF811EC00DE9D0D /* Products */ = {
			isa = PBXGroup;
			children = (
				25ABB7741DF811EC00DE9D0D /* CalcOleksiy.app */,
				25ABB7881DF811ED00DE9D0D /* CalcOleksiyTests.xctest */,
				25ABB7931DF811ED00DE9D0D /* CalcOleksiyUITests.xctest */,
			);
			name = Products;
			sourceTree = "<group>";
		};
		25ABB7761DF811EC00DE9D0D /* CalcOleksiy */ = {
			isa = PBXGroup;
			children = (
				48091EFD1E1BC61F0098CDD2 /* Winter-Screensavers-And-iPhone-6-Wallpapers-1080x1920.jpg */,
				25ABB7771DF811EC00DE9D0D /* AppDelegate.swift */,
				25ABB7791DF811EC00DE9D0D /* ViewController.swift */,
				48E3B8E01E130FFF00234CF9 /* GlobalProtocols.swift */,
				484FE1F01E1681D900947273 /* PlotViewController.swift */,
				48D3B7AE1E17BB05002E6FE0 /* PlotView.swift */,
				48DDFE8C1DF8940100571C2D /* CalcModel.swift */,
				25ABB77B1DF811EC00DE9D0D /* Main.storyboard */,
				488A0CFB1DFCAD0E00916FCC /* OutputViewController.swift */,
				480578941DFF325F000AE1CF /* InputViewController.swift */,
				25ABB77E1DF811EC00DE9D0D /* Assets.xcassets */,
				25ABB7801DF811ED00DE9D0D /* LaunchScreen.storyboard */,
				25ABB7831DF811ED00DE9D0D /* Info.plist */,
			);
			path = CalcOleksiy;
			sourceTree = "<group>";
		};
		25ABB78B1DF811ED00DE9D0D /* CalcOleksiyTests */ = {
			isa = PBXGroup;
			children = (
				25ABB78C1DF811ED00DE9D0D /* CalcOleksiyTests.swift */,
				25ABB78E1DF811ED00DE9D0D /* Info.plist */,
			);
			path = CalcOleksiyTests;
			sourceTree = "<group>";
		};
		25ABB7961DF811ED00DE9D0D /* CalcOleksiyUITests */ = {
			isa = PBXGroup;
			children = (
				25ABB7971DF811ED00DE9D0D /* CalcOleksiyUITests.swift */,
				25ABB7991DF811ED00DE9D0D /* Info.plist */,
			);
			path = CalcOleksiyUITests;
			sourceTree = "<group>";
		};
/* End PBXGroup section */

/* Begin PBXNativeTarget section */
		25ABB7731DF811EC00DE9D0D /* CalcOleksiy */ = {
			isa = PBXNativeTarget;
			buildConfigurationList = 25ABB79C1DF811ED00DE9D0D /* Build configuration list for PBXNativeTarget "CalcOleksiy" */;
			buildPhases = (
				25ABB7701DF811EC00DE9D0D /* Sources */,
				25ABB7711DF811EC00DE9D0D /* Frameworks */,
				25ABB7721DF811EC00DE9D0D /* Resources */,
			);
			buildRules = (
			);
			dependencies = (
			);
			name = CalcOleksiy;
			productName = CalcOleksiy;
			productReference = 25ABB7741DF811EC00DE9D0D /* CalcOleksiy.app */;
			productType = "com.apple.product-type.application";
		};
		25ABB7871DF811ED00DE9D0D /* CalcOleksiyTests */ = {
			isa = PBXNativeTarget;
			buildConfigurationList = 25ABB79F1DF811ED00DE9D0D /* Build configuration list for PBXNativeTarget "CalcOleksiyTests" */;
			buildPhases = (
				25ABB7841DF811ED00DE9D0D /* Sources */,
				25ABB7851DF811ED00DE9D0D /* Frameworks */,
				25ABB7861DF811ED00DE9D0D /* Resources */,
			);
			buildRules = (
			);
			dependencies = (
				25ABB78A1DF811ED00DE9D0D /* PBXTargetDependency */,
			);
			name = CalcOleksiyTests;
			productName = CalcOleksiyTests;
			productReference = 25ABB7881DF811ED00DE9D0D /* CalcOleksiyTests.xctest */;
			productType = "com.apple.product-type.bundle.unit-test";
		};
		25ABB7921DF811ED00DE9D0D /* CalcOleksiyUITests */ = {
			isa = PBXNativeTarget;
			buildConfigurationList = 25ABB7A21DF811ED00DE9D0D /* Build configuration list for PBXNativeTarget "CalcOleksiyUITests" */;
			buildPhases = (
				25ABB78F1DF811ED00DE9D0D /* Sources */,
				25ABB7901DF811ED00DE9D0D /* Frameworks */,
				25ABB7911DF811ED00DE9D0D /* Resources */,
			);
			buildRules = (
			);
			dependencies = (
				25ABB7951DF811ED00DE9D0D /* PBXTargetDependency */,
			);
			name = CalcOleksiyUITests;
			productName = CalcOleksiyUITests;
			productReference = 25ABB7931DF811ED00DE9D0D /* CalcOleksiyUITests.xctest */;
			productType = "com.apple.product-type.bundle.ui-testing";
		};
/* End PBXNativeTarget section */

/* Begin PBXProject section */
		25ABB76C1DF811EC00DE9D0D /* Project object */ = {
			isa = PBXProject;
			attributes = {
				LastSwiftUpdateCheck = 0810;
				LastUpgradeCheck = 0810;
				ORGANIZATIONNAME = adminaccount;
				TargetAttributes = {
					25ABB7731DF811EC00DE9D0D = {
						CreatedOnToolsVersion = 8.1;
						DevelopmentTeam = BLVN45FV99;
						ProvisioningStyle = Automatic;
					};
					25ABB7871DF811ED00DE9D0D = {
						CreatedOnToolsVersion = 8.1;
						ProvisioningStyle = Automatic;
						TestTargetID = 25ABB7731DF811EC00DE9D0D;
					};
					25ABB7921DF811ED00DE9D0D = {
						CreatedOnToolsVersion = 8.1;
						ProvisioningStyle = Automatic;
						TestTargetID = 25ABB7731DF811EC00DE9D0D;
					};
				};
			};
			buildConfigurationList = 25ABB76F1DF811EC00DE9D0D /* Build configuration list for PBXProject "CalcOleksiy" */;
			compatibilityVersion = "Xcode 3.2";
			developmentRegion = English;
			hasScannedForEncodings = 0;
			knownRegions = (
				en,
				Base,
			);
			mainGroup = 25ABB76B1DF811EC00DE9D0D;
			productRefGroup = 25ABB7751DF811EC00DE9D0D /* Products */;
			projectDirPath = "";
			projectRoot = "";
			targets = (
				25ABB7731DF811EC00DE9D0D /* CalcOleksiy */,
				25ABB7871DF811ED00DE9D0D /* CalcOleksiyTests */,
				25ABB7921DF811ED00DE9D0D /* CalcOleksiyUITests */,
			);
		};
/* End PBXProject section */

/* Begin PBXResourcesBuildPhase section */
		25ABB7721DF811EC00DE9D0D /* Resources */ = {
			isa = PBXResourcesBuildPhase;
			buildActionMask = 2147483647;
			files = (
				48091EFE1E1BC61F0098CDD2 /* Winter-Screensavers-And-iPhone-6-Wallpapers-1080x1920.jpg in Resources */,
				25ABB7821DF811ED00DE9D0D /* LaunchScreen.storyboard in Resources */,
				25ABB77F1DF811EC00DE9D0D /* Assets.xcassets in Resources */,
				25ABB77D1DF811EC00DE9D0D /* Main.storyboard in Resources */,
			);
			runOnlyForDeploymentPostprocessing = 0;
		};
		25ABB7861DF811ED00DE9D0D /* Resources */ = {
			isa = PBXResourcesBuildPhase;
			buildActionMask = 2147483647;
			files = (
			);
			runOnlyForDeploymentPostprocessing = 0;
		};
		25ABB7911DF811ED00DE9D0D /* Resources */ = {
			isa = PBXResourcesBuildPhase;
			buildActionMask = 2147483647;
			files = (
			);
			runOnlyForDeploymentPostprocessing = 0;
		};
/* End PBXResourcesBuildPhase section */

/* Begin PBXSourcesBuildPhase section */
		25ABB7701DF811EC00DE9D0D /* Sources */ = {
			isa = PBXSourcesBuildPhase;
			buildActionMask = 2147483647;
			files = (
				48DDFE8D1DF8940100571C2D /* CalcModel.swift in Sources */,
				480578951DFF325F000AE1CF /* InputViewController.swift in Sources */,
				25ABB77A1DF811EC00DE9D0D /* ViewController.swift in Sources */,
				48D3B7AF1E17BB05002E6FE0 /* PlotView.swift in Sources */,
				488A0CFC1DFCAD0E00916FCC /* OutputViewController.swift in Sources */,
				484FE1F11E1681D900947273 /* PlotViewController.swift in Sources */,
				48E3B8E11E130FFF00234CF9 /* GlobalProtocols.swift in Sources */,
				25ABB7781DF811EC00DE9D0D /* AppDelegate.swift in Sources */,
			);
			runOnlyForDeploymentPostprocessing = 0;
		};
		25ABB7841DF811ED00DE9D0D /* Sources */ = {
			isa = PBXSourcesBuildPhase;
			buildActionMask = 2147483647;
			files = (
				25ABB78D1DF811ED00DE9D0D /* CalcOleksiyTests.swift in Sources */,
			);
			runOnlyForDeploymentPostprocessing = 0;
		};
		25ABB78F1DF811ED00DE9D0D /* Sources */ = {
			isa = PBXSourcesBuildPhase;
			buildActionMask = 2147483647;
			files = (
				25ABB7981DF811ED00DE9D0D /* CalcOleksiyUITests.swift in Sources */,
			);
			runOnlyForDeploymentPostprocessing = 0;
		};
/* End PBXSourcesBuildPhase section */

/* Begin PBXTargetDependency section */
		25ABB78A1DF811ED00DE9D0D /* PBXTargetDependency */ = {
			isa = PBXTargetDependency;
			target = 25ABB7731DF811EC00DE9D0D /* CalcOleksiy */;
			targetProxy = 25ABB7891DF811ED00DE9D0D /* PBXContainerItemProxy */;
		};
		25ABB7951DF811ED00DE9D0D /* PBXTargetDependency */ = {
			isa = PBXTargetDependency;
			target = 25ABB7731DF811EC00DE9D0D /* CalcOleksiy */;
			targetProxy = 25ABB7941DF811ED00DE9D0D /* PBXContainerItemProxy */;
		};
/* End PBXTargetDependency section */

/* Begin PBXVariantGroup section */
		25ABB77B1DF811EC00DE9D0D /* Main.storyboard */ = {
			isa = PBXVariantGroup;
			children = (
				25ABB77C1DF811EC00DE9D0D /* Base */,
			);
			name = Main.storyboard;
			sourceTree = "<group>";
		};
		25ABB7801DF811ED00DE9D0D /* LaunchScreen.storyboard */ = {
			isa = PBXVariantGroup;
			children = (
				25ABB7811DF811ED00DE9D0D /* Base */,
			);
			name = LaunchScreen.storyboard;
			sourceTree = "<group>";
		};
/* End PBXVariantGroup section */

/* Begin XCBuildConfiguration section */
		25ABB79A1DF811ED00DE9D0D /* Debug */ = {
			isa = XCBuildConfiguration;
			buildSettings = {
				ALWAYS_SEARCH_USER_PATHS = NO;
				CLANG_ANALYZER_NONNULL = YES;
				CLANG_CXX_LANGUAGE_STANDARD = "gnu++0x";
				CLANG_CXX_LIBRARY = "libc++";
				CLANG_ENABLE_MODULES = YES;
				CLANG_ENABLE_OBJC_ARC = YES;
				CLANG_WARN_BOOL_CONVERSION = YES;
				CLANG_WARN_CONSTANT_CONVERSION = YES;
				CLANG_WARN_DIRECT_OBJC_ISA_USAGE = YES_ERROR;
				CLANG_WARN_DOCUMENTATION_COMMENTS = YES;
				CLANG_WARN_EMPTY_BODY = YES;
				CLANG_WARN_ENUM_CONVERSION = YES;
				CLANG_WARN_INFINITE_RECURSION = YES;
				CLANG_WARN_INT_CONVERSION = YES;
				CLANG_WARN_OBJC_ROOT_CLASS = YES_ERROR;
				CLANG_WARN_SUSPICIOUS_MOVES = YES;
				CLANG_WARN_UNREACHABLE_CODE = YES;
				CLANG_WARN__DUPLICATE_METHOD_MATCH = YES;
				"CODE_SIGN_IDENTITY[sdk=iphoneos*]" = "iPhone Developer";
				COPY_PHASE_STRIP = NO;
				DEBUG_INFORMATION_FORMAT = dwarf;
				ENABLE_STRICT_OBJC_MSGSEND = YES;
				ENABLE_TESTABILITY = YES;
				GCC_C_LANGUAGE_STANDARD = gnu99;
				GCC_DYNAMIC_NO_PIC = NO;
				GCC_NO_COMMON_BLOCKS = YES;
				GCC_OPTIMIZATION_LEVEL = 0;
				GCC_PREPROCESSOR_DEFINITIONS = (
					"DEBUG=1",
					"$(inherited)",
				);
				GCC_WARN_64_TO_32_BIT_CONVERSION = YES;
				GCC_WARN_ABOUT_RETURN_TYPE = YES_ERROR;
				GCC_WARN_UNDECLARED_SELECTOR = YES;
				GCC_WARN_UNINITIALIZED_AUTOS = YES_AGGRESSIVE;
				GCC_WARN_UNUSED_FUNCTION = YES;
				GCC_WARN_UNUSED_VARIABLE = YES;
				IPHONEOS_DEPLOYMENT_TARGET = 10.1;
				MTL_ENABLE_DEBUG_INFO = YES;
				ONLY_ACTIVE_ARCH = YES;
				SDKROOT = iphoneos;
				SWIFT_ACTIVE_COMPILATION_CONDITIONS = DEBUG;
				SWIFT_OPTIMIZATION_LEVEL = "-Onone";
				TARGETED_DEVICE_FAMILY = "1,2";
			};
			name = Debug;
		};
		25ABB79B1DF811ED00DE9D0D /* Release */ = {
			isa = XCBuildConfiguration;
			buildSettings = {
				ALWAYS_SEARCH_USER_PATHS = NO;
				CLANG_ANALYZER_NONNULL = YES;
				CLANG_CXX_LANGUAGE_STANDARD = "gnu++0x";
				CLANG_CXX_LIBRARY = "libc++";
				CLANG_ENABLE_MODULES = YES;
				CLANG_ENABLE_OBJC_ARC = YES;
				CLANG_WARN_BOOL_CONVERSION = YES;
				CLANG_WARN_CONSTANT_CONVERSION = YES;
				CLANG_WARN_DIRECT_OBJC_ISA_USAGE = YES_ERROR;
				CLANG_WARN_DOCUMENTATION_COMMENTS = YES;
				CLANG_WARN_EMPTY_BODY = YES;
				CLANG_WARN_ENUM_CONVERSION = YES;
				CLANG_WARN_INFINITE_RECURSION = YES;
				CLANG_WARN_INT_CONVERSION = YES;
				CLANG_WARN_OBJC_ROOT_CLASS = YES_ERROR;
				CLANG_WARN_SUSPICIOUS_MOVES = YES;
				CLANG_WARN_UNREACHABLE_CODE = YES;
				CLANG_WARN__DUPLICATE_METHOD_MATCH = YES;
				"CODE_SIGN_IDENTITY[sdk=iphoneos*]" = "iPhone Developer";
				COPY_PHASE_STRIP = NO;
				DEBUG_INFORMATION_FORMAT = "dwarf-with-dsym";
				ENABLE_NS_ASSERTIONS = NO;
				ENABLE_STRICT_OBJC_MSGSEND = YES;
				GCC_C_LANGUAGE_STANDARD = gnu99;
				GCC_NO_COMMON_BLOCKS = YES;
				GCC_WARN_64_TO_32_BIT_CONVERSION = YES;
				GCC_WARN_ABOUT_RETURN_TYPE = YES_ERROR;
				GCC_WARN_UNDECLARED_SELECTOR = YES;
				GCC_WARN_UNINITIALIZED_AUTOS = YES_AGGRESSIVE;
				GCC_WARN_UNUSED_FUNCTION = YES;
				GCC_WARN_UNUSED_VARIABLE = YES;
				IPHONEOS_DEPLOYMENT_TARGET = 10.1;
				MTL_ENABLE_DEBUG_INFO = NO;
				SDKROOT = iphoneos;
				SWIFT_OPTIMIZATION_LEVEL = "-Owholemodule";
				TARGETED_DEVICE_FAMILY = "1,2";
				VALIDATE_PRODUCT = YES;
			};
			name = Release;
		};
		25ABB79D1DF811ED00DE9D0D /* Debug */ = {
			isa = XCBuildConfiguration;
			buildSettings = {
				ASSETCATALOG_COMPILER_APPICON_NAME = AppIcon;
				DEVELOPMENT_TEAM = BLVN45FV99;
				INFOPLIST_FILE = CalcOleksiy/Info.plist;
				IPHONEOS_DEPLOYMENT_TARGET = 10.1;
				LD_RUNPATH_SEARCH_PATHS = "$(inherited) @executable_path/Frameworks";
				PRODUCT_BUNDLE_IDENTIFIER = SoftServe.CalcOleksiy;
				PRODUCT_NAME = "$(TARGET_NAME)";
				SWIFT_VERSION = 3.0;
			};
			name = Debug;
		};
		25ABB79E1DF811ED00DE9D0D /* Release */ = {
			isa = XCBuildConfiguration;
			buildSettings = {
				ASSETCATALOG_COMPILER_APPICON_NAME = AppIcon;
				DEVELOPMENT_TEAM = BLVN45FV99;
				INFOPLIST_FILE = CalcOleksiy/Info.plist;
				IPHONEOS_DEPLOYMENT_TARGET = 10.1;
				LD_RUNPATH_SEARCH_PATHS = "$(inherited) @executable_path/Frameworks";
				PRODUCT_BUNDLE_IDENTIFIER = SoftServe.CalcOleksiy;
				PRODUCT_NAME = "$(TARGET_NAME)";
				SWIFT_VERSION = 3.0;
			};
			name = Release;
		};
		25ABB7A01DF811ED00DE9D0D /* Debug */ = {
			isa = XCBuildConfiguration;
			buildSettings = {
				ALWAYS_EMBED_SWIFT_STANDARD_LIBRARIES = YES;
				BUNDLE_LOADER = "$(TEST_HOST)";
				INFOPLIST_FILE = CalcOleksiyTests/Info.plist;
				LD_RUNPATH_SEARCH_PATHS = "$(inherited) @executable_path/Frameworks @loader_path/Frameworks";
				PRODUCT_BUNDLE_IDENTIFIER = SoftServe.CalcOleksiyTests;
				PRODUCT_NAME = "$(TARGET_NAME)";
				SWIFT_VERSION = 3.0;
				TEST_HOST = "$(BUILT_PRODUCTS_DIR)/CalcOleksiy.app/CalcOleksiy";
			};
			name = Debug;
		};
		25ABB7A11DF811ED00DE9D0D /* Release */ = {
			isa = XCBuildConfiguration;
			buildSettings = {
				ALWAYS_EMBED_SWIFT_STANDARD_LIBRARIES = YES;
				BUNDLE_LOADER = "$(TEST_HOST)";
				INFOPLIST_FILE = CalcOleksiyTests/Info.plist;
				LD_RUNPATH_SEARCH_PATHS = "$(inherited) @executable_path/Frameworks @loader_path/Frameworks";
				PRODUCT_BUNDLE_IDENTIFIER = SoftServe.CalcOleksiyTests;
				PRODUCT_NAME = "$(TARGET_NAME)";
				SWIFT_VERSION = 3.0;
				TEST_HOST = "$(BUILT_PRODUCTS_DIR)/CalcOleksiy.app/CalcOleksiy";
			};
			name = Release;
		};
		25ABB7A31DF811ED00DE9D0D /* Debug */ = {
			isa = XCBuildConfiguration;
			buildSettings = {
				ALWAYS_EMBED_SWIFT_STANDARD_LIBRARIES = YES;
				INFOPLIST_FILE = CalcOleksiyUITests/Info.plist;
				LD_RUNPATH_SEARCH_PATHS = "$(inherited) @executable_path/Frameworks @loader_path/Frameworks";
				PRODUCT_BUNDLE_IDENTIFIER = SoftServe.CalcOleksiyUITests;
				PRODUCT_NAME = "$(TARGET_NAME)";
				SWIFT_VERSION = 3.0;
				TEST_TARGET_NAME = CalcOleksiy;
			};
			name = Debug;
		};
		25ABB7A41DF811ED00DE9D0D /* Release */ = {
			isa = XCBuildConfiguration;
			buildSettings = {
				ALWAYS_EMBED_SWIFT_STANDARD_LIBRARIES = YES;
				INFOPLIST_FILE = CalcOleksiyUITests/Info.plist;
				LD_RUNPATH_SEARCH_PATHS = "$(inherited) @executable_path/Frameworks @loader_path/Frameworks";
				PRODUCT_BUNDLE_IDENTIFIER = SoftServe.CalcOleksiyUITests;
				PRODUCT_NAME = "$(TARGET_NAME)";
				SWIFT_VERSION = 3.0;
				TEST_TARGET_NAME = CalcOleksiy;
			};
			name = Release;
		};
/* End XCBuildConfiguration section */

/* Begin XCConfigurationList section */
		25ABB76F1DF811EC00DE9D0D /* Build configuration list for PBXProject "CalcOleksiy" */ = {
			isa = XCConfigurationList;
			buildConfigurations = (
				25ABB79A1DF811ED00DE9D0D /* Debug */,
				25ABB79B1DF811ED00DE9D0D /* Release */,
			);
			defaultConfigurationIsVisible = 0;
			defaultConfigurationName = Release;
		};
		25ABB79C1DF811ED00DE9D0D /* Build configuration list for PBXNativeTarget "CalcOleksiy" */ = {
			isa = XCConfigurationList;
			buildConfigurations = (
				25ABB79D1DF811ED00DE9D0D /* Debug */,
				25ABB79E1DF811ED00DE9D0D /* Release */,
			);
			defaultConfigurationIsVisible = 0;
			defaultConfigurationName = Release;
		};
		25ABB79F1DF811ED00DE9D0D /* Build configuration list for PBXNativeTarget "CalcOleksiyTests" */ = {
			isa = XCConfigurationList;
			buildConfigurations = (
				25ABB7A01DF811ED00DE9D0D /* Debug */,
				25ABB7A11DF811ED00DE9D0D /* Release */,
			);
			defaultConfigurationIsVisible = 0;
			defaultConfigurationName = Release;
		};
		25ABB7A21DF811ED00DE9D0D /* Build configuration list for PBXNativeTarget "CalcOleksiyUITests" */ = {
			isa = XCConfigurationList;
			buildConfigurations = (
				25ABB7A31DF811ED00DE9D0D /* Debug */,
				25ABB7A41DF811ED00DE9D0D /* Release */,
			);
			defaultConfigurationIsVisible = 0;
			defaultConfigurationName = Release;
		};
/* End XCConfigurationList section */
	};
	rootObject = 25ABB76C1DF811EC00DE9D0D /* Project object */;
}
